
Microsoft Visual Studio Solution File, Format Version 12.00
# Visual Studio Version 16
VisualStudioVersion = 25.0.1704.5
MinimumVisualStudioVersion = 10.0.40219.1
Project("{FAE04EC0-301F-11D3-BF4B-00C04F79EFBC}") = "git", "git\git.csproj", "{D6019BA4-C389-4D27-B74F-ED561232C151}"
EndProject
Global
	GlobalSection(SolutionConfigurationPlatforms) = preSolution
		Debug|Any CPU = Debug|Any CPU
		Release|Any CPU = Release|Any CPU
	EndGlobalSection
	GlobalSection(ProjectConfigurationPlatforms) = postSolution
		{D6019BA4-C389-4D27-B74F-ED561232C151}.Debug|Any CPU.ActiveCfg = Debug|Any CPU
		{D6019BA4-C389-4D27-B74F-ED561232C151}.Debug|Any CPU.Build.0 = Debug|Any CPU
		{D6019BA4-C389-4D27-B74F-ED561232C151}.Release|Any CPU.ActiveCfg = Release|Any CPU
		{D6019BA4-C389-4D27-B74F-ED561232C151}.Release|Any CPU.Build.0 = Release|Any CPU
	EndGlobalSection
	GlobalSection(SolutionProperties) = preSolution
		HideSolutionNode = FALSE
	EndGlobalSection
	GlobalSection(ExtensibilityGlobals) = postSolution
		SolutionGuid = {AAAED1F9-0AD6-406B-8F09-6F7AB2E32581}
	EndGlobalSection
EndGlobal
